// !$*UTF8*$!
{
	archiveVersion = 1;
	classes = {
	};
	objectVersion = 77;
	objects = {

/* Begin PBXBuildFile section */
		4A1C14422E56624E002D67D1 /* InlineSnapshotTesting in Frameworks */ = {isa = PBXBuildFile; productRef = 4A1C14412E56624E002D67D1 /* InlineSnapshotTesting */; };
		4A1C14442E56624E002D67D1 /* SnapshotTesting in Frameworks */ = {isa = PBXBuildFile; productRef = 4A1C14432E56624E002D67D1 /* SnapshotTesting */; };
		4A1C14462E56624E002D67D1 /* SnapshotTestingCustomDump in Frameworks */ = {isa = PBXBuildFile; productRef = 4A1C14452E56624E002D67D1 /* SnapshotTestingCustomDump */; };
		4A1C14DE2E56630E002D67D1 /* SnapshotTesting in Frameworks */ = {isa = PBXBuildFile; productRef = 4A1C14DD2E56630E002D67D1 /* SnapshotTesting */; };
		4A2FECC62D9003FD00B4E49D /* AppDelegate.swift in Sources */ = {isa = PBXBuildFile; fileRef = 4A2FECB92D9003FD00B4E49D /* AppDelegate.swift */; };
		4A2FECC72D9003FD00B4E49D /* SceneDelegate.swift in Sources */ = {isa = PBXBuildFile; fileRef = 4A2FECBD2D9003FD00B4E49D /* SceneDelegate.swift */; };
		4A2FECC92D9003FD00B4E49D /* LaunchScreen.storyboard in Resources */ = {isa = PBXBuildFile; fileRef = 4A2FECB62D9003FD00B4E49D /* LaunchScreen.storyboard */; };
		4A69E9E72E563DCE007C614C /* Localizable.strings in Resources */ = {isa = PBXBuildFile; fileRef = 4AC5204A2E453F60002CB088 /* Localizable.strings */; };
		4A69E9E82E563DDF007C614C /* Assets.xcassets in Resources */ = {isa = PBXBuildFile; fileRef = 4A2FECBA2D9003FD00B4E49D /* Assets.xcassets */; };
		4AB0E1CF2E555C6A00C53A7B /* AppMetricaAdSupport in Frameworks */ = {isa = PBXBuildFile; productRef = 4AB0E1CE2E555C6A00C53A7B /* AppMetricaAdSupport */; };
		4AB0E1D12E555C6A00C53A7B /* AppMetricaCore in Frameworks */ = {isa = PBXBuildFile; productRef = 4AB0E1D02E555C6A00C53A7B /* AppMetricaCore */; };
		4AB0E1D32E555C6A00C53A7B /* AppMetricaCrashes in Frameworks */ = {isa = PBXBuildFile; productRef = 4AB0E1D22E555C6A00C53A7B /* AppMetricaCrashes */; };
		4AB0E1D52E555C6A00C53A7B /* AppMetricaLibraryAdapter in Frameworks */ = {isa = PBXBuildFile; productRef = 4AB0E1D42E555C6A00C53A7B /* AppMetricaLibraryAdapter */; };
		4AB0E1D72E555C6A00C53A7B /* AppMetricaScreenshot in Frameworks */ = {isa = PBXBuildFile; productRef = 4AB0E1D62E555C6A00C53A7B /* AppMetricaScreenshot */; };
		4AC520552E5222E8002CB088 /* YandexMobileMetrica in Frameworks */ = {isa = PBXBuildFile; productRef = 4AC520542E5222E8002CB088 /* YandexMobileMetrica */; };
		4AC520572E5222E8002CB088 /* YandexMobileMetricaCrashes in Frameworks */ = {isa = PBXBuildFile; productRef = 4AC520562E5222E8002CB088 /* YandexMobileMetricaCrashes */; };
		4AE932362DB76DEC00D11E7F /* TrackerCoreData.xcdatamodeld in Sources */ = {isa = PBXBuildFile; fileRef = 4AE932342DB76DEC00D11E7F /* TrackerCoreData.xcdatamodeld */; };
/* End PBXBuildFile section */

/* Begin PBXContainerItemProxy section */
		4A1C14D72E5662BF002D67D1 /* PBXContainerItemProxy */ = {
			isa = PBXContainerItemProxy;
			containerPortal = 4ADB4DC52D82231F00FB84C7 /* Project object */;
			proxyType = 1;
			remoteGlobalIDString = 4ADB4DCC2D82231F00FB84C7;
			remoteInfo = Tracker;
		};
/* End PBXContainerItemProxy section */

/* Begin PBXFileReference section */
		4A1C14D32E5662BF002D67D1 /* TrackerTests.xctest */ = {isa = PBXFileReference; explicitFileType = wrapper.cfbundle; includeInIndex = 0; path = TrackerTests.xctest; sourceTree = BUILT_PRODUCTS_DIR; };
		4A2FECB62D9003FD00B4E49D /* LaunchScreen.storyboard */ = {isa = PBXFileReference; lastKnownFileType = file.storyboard; path = LaunchScreen.storyboard; sourceTree = "<group>"; };
		4A2FECB92D9003FD00B4E49D /* AppDelegate.swift */ = {isa = PBXFileReference; lastKnownFileType = sourcecode.swift; path = AppDelegate.swift; sourceTree = "<group>"; };
		4A2FECBA2D9003FD00B4E49D /* Assets.xcassets */ = {isa = PBXFileReference; lastKnownFileType = folder.assetcatalog; path = Assets.xcassets; sourceTree = "<group>"; };
		4A2FECBD2D9003FD00B4E49D /* SceneDelegate.swift */ = {isa = PBXFileReference; lastKnownFileType = sourcecode.swift; path = SceneDelegate.swift; sourceTree = "<group>"; };
		4AC5204B2E453F60002CB088 /* en */ = {isa = PBXFileReference; lastKnownFileType = text.plist.strings; name = en; path = en.lproj/Localizable.strings; sourceTree = "<group>"; };
		4AC5204D2E453FB1002CB088 /* ru */ = {isa = PBXFileReference; lastKnownFileType = text.plist.strings; name = ru; path = ru.lproj/Localizable.strings; sourceTree = "<group>"; };
		4ACE00212DAACA4E00D0D0FF /* markUPTemplate.swift */ = {isa = PBXFileReference; lastKnownFileType = sourcecode.swift; path = markUPTemplate.swift; sourceTree = "<group>"; };
		4ADB4DCD2D82231F00FB84C7 /* Tracker.app */ = {isa = PBXFileReference; explicitFileType = wrapper.application; includeInIndex = 0; path = Tracker.app; sourceTree = BUILT_PRODUCTS_DIR; };
		4AE932352DB76DEC00D11E7F /* TrackerCoreData.xcdatamodel */ = {isa = PBXFileReference; lastKnownFileType = wrapper.xcdatamodel; path = TrackerCoreData.xcdatamodel; sourceTree = "<group>"; };
/* End PBXFileReference section */

/* Begin PBXFileSystemSynchronizedBuildFileExceptionSet section */
		4A2FED562D9C925000B4E49D /* Exceptions for "Tracker" folder in "Tracker" target */ = {
			isa = PBXFileSystemSynchronizedBuildFileExceptionSet;
			membershipExceptions = (
				Info.plist,
			);
			target = 4ADB4DCC2D82231F00FB84C7 /* Tracker */;
		};
/* End PBXFileSystemSynchronizedBuildFileExceptionSet section */

/* Begin PBXFileSystemSynchronizedRootGroup section */
		4A1C14D42E5662BF002D67D1 /* TrackerTests */ = {
			isa = PBXFileSystemSynchronizedRootGroup;
			path = TrackerTests;
			sourceTree = "<group>";
		};
		4ADB4DCF2D82231F00FB84C7 /* Tracker */ = {
			isa = PBXFileSystemSynchronizedRootGroup;
			exceptions = (
				4A2FED562D9C925000B4E49D /* Exceptions for "Tracker" folder in "Tracker" target */,
			);
			path = Tracker;
			sourceTree = "<group>";
		};
/* End PBXFileSystemSynchronizedRootGroup section */

/* Begin PBXFrameworksBuildPhase section */
		4A1C14D02E5662BF002D67D1 /* Frameworks */ = {
			isa = PBXFrameworksBuildPhase;
			buildActionMask = 2147483647;
			files = (
				4A1C14DE2E56630E002D67D1 /* SnapshotTesting in Frameworks */,
			);
			runOnlyForDeploymentPostprocessing = 0;
		};
		4ADB4DCA2D82231F00FB84C7 /* Frameworks */ = {
			isa = PBXFrameworksBuildPhase;
			buildActionMask = 2147483647;
			files = (
				4AB0E1D72E555C6A00C53A7B /* AppMetricaScreenshot in Frameworks */,
				4AC520552E5222E8002CB088 /* YandexMobileMetrica in Frameworks */,
				4A1C14422E56624E002D67D1 /* InlineSnapshotTesting in Frameworks */,
				4AB0E1D32E555C6A00C53A7B /* AppMetricaCrashes in Frameworks */,
				4AB0E1D12E555C6A00C53A7B /* AppMetricaCore in Frameworks */,
				4AB0E1CF2E555C6A00C53A7B /* AppMetricaAdSupport in Frameworks */,
				4A1C14462E56624E002D67D1 /* SnapshotTestingCustomDump in Frameworks */,
				4A1C14442E56624E002D67D1 /* SnapshotTesting in Frameworks */,
				4AB0E1D52E555C6A00C53A7B /* AppMetricaLibraryAdapter in Frameworks */,
				4AC520572E5222E8002CB088 /* YandexMobileMetricaCrashes in Frameworks */,
			);
			runOnlyForDeploymentPostprocessing = 0;
		};
/* End PBXFrameworksBuildPhase section */

/* Begin PBXGroup section */
		4A2FED3E2D9C72E400B4E49D /* Application */ = {
			isa = PBXGroup;
			children = (
				4A2FECB92D9003FD00B4E49D /* AppDelegate.swift */,
				4A2FECB62D9003FD00B4E49D /* LaunchScreen.storyboard */,
				4A2FECBD2D9003FD00B4E49D /* SceneDelegate.swift */,
				4A2FECBA2D9003FD00B4E49D /* Assets.xcassets */,
			);
			path = Application;
			sourceTree = "<group>";
		};
		4AC520492E453F2D002CB088 /* Localize */ = {
			isa = PBXGroup;
			children = (
				4AC5204A2E453F60002CB088 /* Localizable.strings */,
			);
			path = Localize;
			sourceTree = "<group>";
		};
		4ADB4DC42D82231F00FB84C7 = {
			isa = PBXGroup;
			children = (
				4AC520492E453F2D002CB088 /* Localize */,
				4AE932342DB76DEC00D11E7F /* TrackerCoreData.xcdatamodeld */,
				4ACE00212DAACA4E00D0D0FF /* markUPTemplate.swift */,
				4A2FED3E2D9C72E400B4E49D /* Application */,
				4ADB4DCF2D82231F00FB84C7 /* Tracker */,
				4A1C14D42E5662BF002D67D1 /* TrackerTests */,
				4ADB4DCE2D82231F00FB84C7 /* Products */,
			);
			sourceTree = "<group>";
		};
		4ADB4DCE2D82231F00FB84C7 /* Products */ = {
			isa = PBXGroup;
			children = (
				4ADB4DCD2D82231F00FB84C7 /* Tracker.app */,
				4A1C14D32E5662BF002D67D1 /* TrackerTests.xctest */,
			);
			name = Products;
			sourceTree = "<group>";
		};
/* End PBXGroup section */

/* Begin PBXNativeTarget section */
		4A1C14D22E5662BF002D67D1 /* TrackerTests */ = {
			isa = PBXNativeTarget;
			buildConfigurationList = 4A1C14D92E5662BF002D67D1 /* Build configuration list for PBXNativeTarget "TrackerTests" */;
			buildPhases = (
				4A1C14CF2E5662BF002D67D1 /* Sources */,
				4A1C14D02E5662BF002D67D1 /* Frameworks */,
				4A1C14D12E5662BF002D67D1 /* Resources */,
			);
			buildRules = (
			);
			dependencies = (
				4A1C14D82E5662BF002D67D1 /* PBXTargetDependency */,
			);
			fileSystemSynchronizedGroups = (
				4A1C14D42E5662BF002D67D1 /* TrackerTests */,
			);
			name = TrackerTests;
			packageProductDependencies = (
				4A1C14DD2E56630E002D67D1 /* SnapshotTesting */,
			);
			productName = TrackerTests;
			productReference = 4A1C14D32E5662BF002D67D1 /* TrackerTests.xctest */;
			productType = "com.apple.product-type.bundle.unit-test";
		};
		4ADB4DCC2D82231F00FB84C7 /* Tracker */ = {
			isa = PBXNativeTarget;
			buildConfigurationList = 4ADB4DF62D82232200FB84C7 /* Build configuration list for PBXNativeTarget "Tracker" */;
			buildPhases = (
				4ADB4DC92D82231F00FB84C7 /* Sources */,
				4ADB4DCA2D82231F00FB84C7 /* Frameworks */,
				4ADB4DCB2D82231F00FB84C7 /* Resources */,
			);
			buildRules = (
			);
			dependencies = (
			);
			fileSystemSynchronizedGroups = (
				4ADB4DCF2D82231F00FB84C7 /* Tracker */,
			);
			name = Tracker;
			packageProductDependencies = (
				4AC520542E5222E8002CB088 /* YandexMobileMetrica */,
				4AC520562E5222E8002CB088 /* YandexMobileMetricaCrashes */,
				4AB0E1CE2E555C6A00C53A7B /* AppMetricaAdSupport */,
				4AB0E1D02E555C6A00C53A7B /* AppMetricaCore */,
				4AB0E1D22E555C6A00C53A7B /* AppMetricaCrashes */,
				4AB0E1D42E555C6A00C53A7B /* AppMetricaLibraryAdapter */,
				4AB0E1D62E555C6A00C53A7B /* AppMetricaScreenshot */,
				4A1C14412E56624E002D67D1 /* InlineSnapshotTesting */,
				4A1C14432E56624E002D67D1 /* SnapshotTesting */,
				4A1C14452E56624E002D67D1 /* SnapshotTestingCustomDump */,
			);
			productName = Tracker;
			productReference = 4ADB4DCD2D82231F00FB84C7 /* Tracker.app */;
			productType = "com.apple.product-type.application";
		};
/* End PBXNativeTarget section */

/* Begin PBXProject section */
		4ADB4DC52D82231F00FB84C7 /* Project object */ = {
			isa = PBXProject;
			attributes = {
				BuildIndependentTargetsInParallel = 1;
				LastSwiftUpdateCheck = 1610;
				LastUpgradeCheck = 1610;
				TargetAttributes = {
					4A1C14D22E5662BF002D67D1 = {
						CreatedOnToolsVersion = 16.1;
						TestTargetID = 4ADB4DCC2D82231F00FB84C7;
					};
					4ADB4DCC2D82231F00FB84C7 = {
						CreatedOnToolsVersion = 16.1;
					};
				};
			};
			buildConfigurationList = 4ADB4DC82D82231F00FB84C7 /* Build configuration list for PBXProject "Tracker" */;
			developmentRegion = en;
			hasScannedForEncodings = 0;
			knownRegions = (
				en,
				Base,
				ru,
			);
			mainGroup = 4ADB4DC42D82231F00FB84C7;
			minimizedProjectReferenceProxies = 1;
			packageReferences = (
				4AC520532E5222E8002CB088 /* XCRemoteSwiftPackageReference "metrica-sdk-ios" */,
				4AB0E1CD2E555C6A00C53A7B /* XCRemoteSwiftPackageReference "appmetrica-sdk-ios" */,
				4A1C14402E56624E002D67D1 /* XCRemoteSwiftPackageReference "swift-snapshot-testing" */,
			);
			preferredProjectObjectVersion = 77;
			productRefGroup = 4ADB4DCE2D82231F00FB84C7 /* Products */;
			projectDirPath = "";
			projectRoot = "";
			targets = (
				4ADB4DCC2D82231F00FB84C7 /* Tracker */,
				4A1C14D22E5662BF002D67D1 /* TrackerTests */,
			);
		};
/* End PBXProject section */

/* Begin PBXResourcesBuildPhase section */
		4A1C14D12E5662BF002D67D1 /* Resources */ = {
			isa = PBXResourcesBuildPhase;
			buildActionMask = 2147483647;
			files = (
			);
			runOnlyForDeploymentPostprocessing = 0;
		};
		4ADB4DCB2D82231F00FB84C7 /* Resources */ = {
			isa = PBXResourcesBuildPhase;
			buildActionMask = 2147483647;
			files = (
				4A69E9E82E563DDF007C614C /* Assets.xcassets in Resources */,
				4A69E9E72E563DCE007C614C /* Localizable.strings in Resources */,
				4A2FECC92D9003FD00B4E49D /* LaunchScreen.storyboard in Resources */,
			);
			runOnlyForDeploymentPostprocessing = 0;
		};
/* End PBXResourcesBuildPhase section */

/* Begin PBXSourcesBuildPhase section */
		4A1C14CF2E5662BF002D67D1 /* Sources */ = {
			isa = PBXSourcesBuildPhase;
			buildActionMask = 2147483647;
			files = (
			);
			runOnlyForDeploymentPostprocessing = 0;
		};
		4ADB4DC92D82231F00FB84C7 /* Sources */ = {
			isa = PBXSourcesBuildPhase;
			buildActionMask = 2147483647;
			files = (
				4A2FECC62D9003FD00B4E49D /* AppDelegate.swift in Sources */,
				4AE932362DB76DEC00D11E7F /* TrackerCoreData.xcdatamodeld in Sources */,
				4A2FECC72D9003FD00B4E49D /* SceneDelegate.swift in Sources */,
			);
			runOnlyForDeploymentPostprocessing = 0;
		};
/* End PBXSourcesBuildPhase section */

/* Begin PBXTargetDependency section */
		4A1C14D82E5662BF002D67D1 /* PBXTargetDependency */ = {
			isa = PBXTargetDependency;
			target = 4ADB4DCC2D82231F00FB84C7 /* Tracker */;
			targetProxy = 4A1C14D72E5662BF002D67D1 /* PBXContainerItemProxy */;
		};
/* End PBXTargetDependency section */

/* Begin PBXVariantGroup section */
		4AC5204A2E453F60002CB088 /* Localizable.strings */ = {
			isa = PBXVariantGroup;
			children = (
				4AC5204B2E453F60002CB088 /* en */,
				4AC5204D2E453FB1002CB088 /* ru */,
			);
			name = Localizable.strings;
			sourceTree = "<group>";
		};
/* End PBXVariantGroup section */

/* Begin XCBuildConfiguration section */
		4A1C14DA2E5662BF002D67D1 /* Debug */ = {
			isa = XCBuildConfiguration;
			buildSettings = {
				BUNDLE_LOADER = "$(TEST_HOST)";
				CODE_SIGN_STYLE = Automatic;
				CURRENT_PROJECT_VERSION = 1;
				DEVELOPMENT_TEAM = 35KKK33CM2;
				GENERATE_INFOPLIST_FILE = YES;
				IPHONEOS_DEPLOYMENT_TARGET = 18.1;
				MARKETING_VERSION = 1.0;
				PRODUCT_BUNDLE_IDENTIFIER = ru.yandex.practicum.TrackerTests;
				PRODUCT_NAME = "$(TARGET_NAME)";
				SWIFT_EMIT_LOC_STRINGS = NO;
				SWIFT_VERSION = 5.0;
				TARGETED_DEVICE_FAMILY = "1,2";
				TEST_HOST = "$(BUILT_PRODUCTS_DIR)/Tracker.app/$(BUNDLE_EXECUTABLE_FOLDER_PATH)/Tracker";
			};
			name = Debug;
		};
		4A1C14DB2E5662BF002D67D1 /* Release */ = {
			isa = XCBuildConfiguration;
			buildSettings = {
				BUNDLE_LOADER = "$(TEST_HOST)";
				CODE_SIGN_STYLE = Automatic;
				CURRENT_PROJECT_VERSION = 1;
				DEVELOPMENT_TEAM = 35KKK33CM2;
				GENERATE_INFOPLIST_FILE = YES;
				IPHONEOS_DEPLOYMENT_TARGET = 18.1;
				MARKETING_VERSION = 1.0;
				PRODUCT_BUNDLE_IDENTIFIER = ru.yandex.practicum.TrackerTests;
				PRODUCT_NAME = "$(TARGET_NAME)";
				SWIFT_EMIT_LOC_STRINGS = NO;
				SWIFT_VERSION = 5.0;
				TARGETED_DEVICE_FAMILY = "1,2";
				TEST_HOST = "$(BUILT_PRODUCTS_DIR)/Tracker.app/$(BUNDLE_EXECUTABLE_FOLDER_PATH)/Tracker";
			};
			name = Release;
		};
		4ADB4DF72D82232200FB84C7 /* Debug */ = {
			isa = XCBuildConfiguration;
			buildSettings = {
				ASSETCATALOG_COMPILER_APPICON_NAME = AppIcon;
				ASSETCATALOG_COMPILER_GLOBAL_ACCENT_COLOR_NAME = AccentColor;
				CODE_SIGN_STYLE = Automatic;
				CURRENT_PROJECT_VERSION = 1;
				DEVELOPMENT_TEAM = 35KKK33CM2;
				GENERATE_INFOPLIST_FILE = YES;
				INFOPLIST_FILE = Tracker/Info.plist;
				INFOPLIST_KEY_UIApplicationSupportsIndirectInputEvents = YES;
				INFOPLIST_KEY_UILaunchStoryboardName = LaunchScreen;
				INFOPLIST_KEY_UISupportedInterfaceOrientations = UIInterfaceOrientationPortrait;
				INFOPLIST_KEY_UISupportedInterfaceOrientations_iPad = "UIInterfaceOrientationLandscapeLeft UIInterfaceOrientationLandscapeRight UIInterfaceOrientationPortrait UIInterfaceOrientationPortraitUpsideDown";
				IPHONEOS_DEPLOYMENT_TARGET = 13.4;
				LD_RUNPATH_SEARCH_PATHS = (
					"$(inherited)",
					"@executable_path/Frameworks",
				);
				MARKETING_VERSION = 1.0;
				PRODUCT_BUNDLE_IDENTIFIER = ru.yandex.practicum.Tracker;
				PRODUCT_NAME = "$(TARGET_NAME)";
				SUPPORTED_PLATFORMS = "iphoneos iphonesimulator";
				SUPPORTS_MACCATALYST = NO;
				SUPPORTS_MAC_DESIGNED_FOR_IPHONE_IPAD = NO;
				SUPPORTS_XR_DESIGNED_FOR_IPHONE_IPAD = NO;
				SWIFT_EMIT_LOC_STRINGS = YES;
				SWIFT_VERSION = 5.0;
				TARGETED_DEVICE_FAMILY = 1;
			};
			name = Debug;
		};
		4ADB4DF82D82232200FB84C7 /* Release */ = {
			isa = XCBuildConfiguration;
			buildSettings = {
				ASSETCATALOG_COMPILER_APPICON_NAME = AppIcon;
				ASSETCATALOG_COMPILER_GLOBAL_ACCENT_COLOR_NAME = AccentColor;
				CODE_SIGN_STYLE = Automatic;
				CURRENT_PROJECT_VERSION = 1;
				DEVELOPMENT_TEAM = 35KKK33CM2;
				GENERATE_INFOPLIST_FILE = YES;
				INFOPLIST_FILE = Tracker/Info.plist;
				INFOPLIST_KEY_UIApplicationSupportsIndirectInputEvents = YES;
				INFOPLIST_KEY_UILaunchStoryboardName = LaunchScreen;
				INFOPLIST_KEY_UISupportedInterfaceOrientations = UIInterfaceOrientationPortrait;
				INFOPLIST_KEY_UISupportedInterfaceOrientations_iPad = "UIInterfaceOrientationLandscapeLeft UIInterfaceOrientationLandscapeRight UIInterfaceOrientationPortrait UIInterfaceOrientationPortraitUpsideDown";
				IPHONEOS_DEPLOYMENT_TARGET = 13.4;
				LD_RUNPATH_SEARCH_PATHS = (
					"$(inherited)",
					"@executable_path/Frameworks",
				);
				MARKETING_VERSION = 1.0;
				PRODUCT_BUNDLE_IDENTIFIER = ru.yandex.practicum.Tracker;
				PRODUCT_NAME = "$(TARGET_NAME)";
				SUPPORTED_PLATFORMS = "iphoneos iphonesimulator";
				SUPPORTS_MACCATALYST = NO;
				SUPPORTS_MAC_DESIGNED_FOR_IPHONE_IPAD = NO;
				SUPPORTS_XR_DESIGNED_FOR_IPHONE_IPAD = NO;
				SWIFT_EMIT_LOC_STRINGS = YES;
				SWIFT_VERSION = 5.0;
				TARGETED_DEVICE_FAMILY = 1;
			};
			name = Release;
		};
		4ADB4DF92D82232200FB84C7 /* Debug */ = {
			isa = XCBuildConfiguration;
			buildSettings = {
				ALWAYS_SEARCH_USER_PATHS = NO;
				ASSETCATALOG_COMPILER_GENERATE_SWIFT_ASSET_SYMBOL_EXTENSIONS = YES;
				CLANG_ANALYZER_LOCALIZABILITY_NONLOCALIZED = YES;
				CLANG_ANALYZER_NONNULL = YES;
				CLANG_ANALYZER_NUMBER_OBJECT_CONVERSION = YES_AGGRESSIVE;
				CLANG_CXX_LANGUAGE_STANDARD = "gnu++20";
				CLANG_ENABLE_MODULES = YES;
				CLANG_ENABLE_OBJC_ARC = YES;
				CLANG_ENABLE_OBJC_WEAK = YES;
				CLANG_WARN_BLOCK_CAPTURE_AUTORELEASING = YES;
				CLANG_WARN_BOOL_CONVERSION = YES;
				CLANG_WARN_COMMA = YES;
				CLANG_WARN_CONSTANT_CONVERSION = YES;
				CLANG_WARN_DEPRECATED_OBJC_IMPLEMENTATIONS = YES;
				CLANG_WARN_DIRECT_OBJC_ISA_USAGE = YES_ERROR;
				CLANG_WARN_DOCUMENTATION_COMMENTS = YES;
				CLANG_WARN_EMPTY_BODY = YES;
				CLANG_WARN_ENUM_CONVERSION = YES;
				CLANG_WARN_INFINITE_RECURSION = YES;
				CLANG_WARN_INT_CONVERSION = YES;
				CLANG_WARN_NON_LITERAL_NULL_CONVERSION = YES;
				CLANG_WARN_OBJC_IMPLICIT_RETAIN_SELF = YES;
				CLANG_WARN_OBJC_LITERAL_CONVERSION = YES;
				CLANG_WARN_OBJC_ROOT_CLASS = YES_ERROR;
				CLANG_WARN_QUOTED_INCLUDE_IN_FRAMEWORK_HEADER = YES;
				CLANG_WARN_RANGE_LOOP_ANALYSIS = YES;
				CLANG_WARN_STRICT_PROTOTYPES = YES;
				CLANG_WARN_SUSPICIOUS_MOVE = YES;
				CLANG_WARN_UNGUARDED_AVAILABILITY = YES_AGGRESSIVE;
				CLANG_WARN_UNREACHABLE_CODE = YES;
				CLANG_WARN__DUPLICATE_METHOD_MATCH = YES;
				COPY_PHASE_STRIP = NO;
				DEBUG_INFORMATION_FORMAT = dwarf;
				ENABLE_STRICT_OBJC_MSGSEND = YES;
				ENABLE_TESTABILITY = YES;
				ENABLE_TESTING_SEARCH_PATHS = NO;
				ENABLE_USER_SCRIPT_SANDBOXING = YES;
				GCC_C_LANGUAGE_STANDARD = gnu17;
				GCC_DYNAMIC_NO_PIC = NO;
				GCC_NO_COMMON_BLOCKS = YES;
				GCC_OPTIMIZATION_LEVEL = 0;
				GCC_PREPROCESSOR_DEFINITIONS = (
					"DEBUG=1",
					"$(inherited)",
				);
				GCC_WARN_64_TO_32_BIT_CONVERSION = YES;
				GCC_WARN_ABOUT_RETURN_TYPE = YES_ERROR;
				GCC_WARN_UNDECLARED_SELECTOR = YES;
				GCC_WARN_UNINITIALIZED_AUTOS = YES_AGGRESSIVE;
				GCC_WARN_UNUSED_FUNCTION = YES;
				GCC_WARN_UNUSED_VARIABLE = YES;
				IPHONEOS_DEPLOYMENT_TARGET = 18.0;
				LOCALIZATION_PREFERS_STRING_CATALOGS = YES;
				MTL_ENABLE_DEBUG_INFO = INCLUDE_SOURCE;
				MTL_FAST_MATH = YES;
				ONLY_ACTIVE_ARCH = YES;
				SDKROOT = iphoneos;
				SWIFT_ACTIVE_COMPILATION_CONDITIONS = "DEBUG $(inherited)";
				SWIFT_EMIT_LOC_STRINGS = YES;
				SWIFT_OPTIMIZATION_LEVEL = "-Onone";
				TREAT_MISSING_BASELINES_AS_TEST_FAILURES = YES;
			};
			name = Debug;
		};
		4ADB4DFA2D82232200FB84C7 /* Release */ = {
			isa = XCBuildConfiguration;
			buildSettings = {
				ALWAYS_SEARCH_USER_PATHS = NO;
				ASSETCATALOG_COMPILER_GENERATE_SWIFT_ASSET_SYMBOL_EXTENSIONS = YES;
				CLANG_ANALYZER_LOCALIZABILITY_NONLOCALIZED = YES;
				CLANG_ANALYZER_NONNULL = YES;
				CLANG_ANALYZER_NUMBER_OBJECT_CONVERSION = YES_AGGRESSIVE;
				CLANG_CXX_LANGUAGE_STANDARD = "gnu++20";
				CLANG_ENABLE_MODULES = YES;
				CLANG_ENABLE_OBJC_ARC = YES;
				CLANG_ENABLE_OBJC_WEAK = YES;
				CLANG_WARN_BLOCK_CAPTURE_AUTORELEASING = YES;
				CLANG_WARN_BOOL_CONVERSION = YES;
				CLANG_WARN_COMMA = YES;
				CLANG_WARN_CONSTANT_CONVERSION = YES;
				CLANG_WARN_DEPRECATED_OBJC_IMPLEMENTATIONS = YES;
				CLANG_WARN_DIRECT_OBJC_ISA_USAGE = YES_ERROR;
				CLANG_WARN_DOCUMENTATION_COMMENTS = YES;
				CLANG_WARN_EMPTY_BODY = YES;
				CLANG_WARN_ENUM_CONVERSION = YES;
				CLANG_WARN_INFINITE_RECURSION = YES;
				CLANG_WARN_INT_CONVERSION = YES;
				CLANG_WARN_NON_LITERAL_NULL_CONVERSION = YES;
				CLANG_WARN_OBJC_IMPLICIT_RETAIN_SELF = YES;
				CLANG_WARN_OBJC_LITERAL_CONVERSION = YES;
				CLANG_WARN_OBJC_ROOT_CLASS = YES_ERROR;
				CLANG_WARN_QUOTED_INCLUDE_IN_FRAMEWORK_HEADER = YES;
				CLANG_WARN_RANGE_LOOP_ANALYSIS = YES;
				CLANG_WARN_STRICT_PROTOTYPES = YES;
				CLANG_WARN_SUSPICIOUS_MOVE = YES;
				CLANG_WARN_UNGUARDED_AVAILABILITY = YES_AGGRESSIVE;
				CLANG_WARN_UNREACHABLE_CODE = YES;
				CLANG_WARN__DUPLICATE_METHOD_MATCH = YES;
				COPY_PHASE_STRIP = NO;
				DEBUG_INFORMATION_FORMAT = "dwarf-with-dsym";
				ENABLE_NS_ASSERTIONS = NO;
				ENABLE_STRICT_OBJC_MSGSEND = YES;
				ENABLE_TESTING_SEARCH_PATHS = NO;
				ENABLE_USER_SCRIPT_SANDBOXING = YES;
				GCC_C_LANGUAGE_STANDARD = gnu17;
				GCC_NO_COMMON_BLOCKS = YES;
				GCC_WARN_64_TO_32_BIT_CONVERSION = YES;
				GCC_WARN_ABOUT_RETURN_TYPE = YES_ERROR;
				GCC_WARN_UNDECLARED_SELECTOR = YES;
				GCC_WARN_UNINITIALIZED_AUTOS = YES_AGGRESSIVE;
				GCC_WARN_UNUSED_FUNCTION = YES;
				GCC_WARN_UNUSED_VARIABLE = YES;
				IPHONEOS_DEPLOYMENT_TARGET = 18.0;
				LOCALIZATION_PREFERS_STRING_CATALOGS = YES;
				MTL_ENABLE_DEBUG_INFO = NO;
				MTL_FAST_MATH = YES;
				SDKROOT = iphoneos;
				SWIFT_COMPILATION_MODE = wholemodule;
				SWIFT_EMIT_LOC_STRINGS = YES;
				TREAT_MISSING_BASELINES_AS_TEST_FAILURES = YES;
				VALIDATE_PRODUCT = YES;
			};
			name = Release;
		};
/* End XCBuildConfiguration section */

/* Begin XCConfigurationList section */
		4A1C14D92E5662BF002D67D1 /* Build configuration list for PBXNativeTarget "TrackerTests" */ = {
			isa = XCConfigurationList;
			buildConfigurations = (
				4A1C14DA2E5662BF002D67D1 /* Debug */,
				4A1C14DB2E5662BF002D67D1 /* Release */,
			);
			defaultConfigurationIsVisible = 0;
			defaultConfigurationName = Release;
		};
		4ADB4DC82D82231F00FB84C7 /* Build configuration list for PBXProject "Tracker" */ = {
			isa = XCConfigurationList;
			buildConfigurations = (
				4ADB4DF92D82232200FB84C7 /* Debug */,
				4ADB4DFA2D82232200FB84C7 /* Release */,
			);
			defaultConfigurationIsVisible = 0;
			defaultConfigurationName = Release;
		};
		4ADB4DF62D82232200FB84C7 /* Build configuration list for PBXNativeTarget "Tracker" */ = {
			isa = XCConfigurationList;
			buildConfigurations = (
				4ADB4DF72D82232200FB84C7 /* Debug */,
				4ADB4DF82D82232200FB84C7 /* Release */,
			);
			defaultConfigurationIsVisible = 0;
			defaultConfigurationName = Release;
		};
/* End XCConfigurationList section */

/* Begin XCRemoteSwiftPackageReference section */
		4A1C14402E56624E002D67D1 /* XCRemoteSwiftPackageReference "swift-snapshot-testing" */ = {
			isa = XCRemoteSwiftPackageReference;
			repositoryURL = "https://github.com/pointfreeco/swift-snapshot-testing";
			requirement = {
				kind = upToNextMajorVersion;
				minimumVersion = 1.18.6;
			};
		};
		4AB0E1CD2E555C6A00C53A7B /* XCRemoteSwiftPackageReference "appmetrica-sdk-ios" */ = {
			isa = XCRemoteSwiftPackageReference;
			repositoryURL = "https://github.com/appmetrica/appmetrica-sdk-ios";
			requirement = {
				kind = upToNextMajorVersion;
				minimumVersion = 5.12.0;
			};
		};
		4AC520532E5222E8002CB088 /* XCRemoteSwiftPackageReference "metrica-sdk-ios" */ = {
			isa = XCRemoteSwiftPackageReference;
			repositoryURL = "https://github.com/yandexmobile/metrica-sdk-ios";
			requirement = {
				kind = upToNextMajorVersion;
				minimumVersion = 4.5.2;
			};
		};
/* End XCRemoteSwiftPackageReference section */

/* Begin XCSwiftPackageProductDependency section */
		4A1C14412E56624E002D67D1 /* InlineSnapshotTesting */ = {
			isa = XCSwiftPackageProductDependency;
			package = 4A1C14402E56624E002D67D1 /* XCRemoteSwiftPackageReference "swift-snapshot-testing" */;
			productName = InlineSnapshotTesting;
		};
		4A1C14432E56624E002D67D1 /* SnapshotTesting */ = {
			isa = XCSwiftPackageProductDependency;
			package = 4A1C14402E56624E002D67D1 /* XCRemoteSwiftPackageReference "swift-snapshot-testing" */;
			productName = SnapshotTesting;
		};
		4A1C14452E56624E002D67D1 /* SnapshotTestingCustomDump */ = {
			isa = XCSwiftPackageProductDependency;
			package = 4A1C14402E56624E002D67D1 /* XCRemoteSwiftPackageReference "swift-snapshot-testing" */;
			productName = SnapshotTestingCustomDump;
		};
		4A1C14DD2E56630E002D67D1 /* SnapshotTesting */ = {
			isa = XCSwiftPackageProductDependency;
			package = 4A1C14402E56624E002D67D1 /* XCRemoteSwiftPackageReference "swift-snapshot-testing" */;
			productName = SnapshotTesting;
		};
		4AB0E1CE2E555C6A00C53A7B /* AppMetricaAdSupport */ = {
			isa = XCSwiftPackageProductDependency;
			package = 4AB0E1CD2E555C6A00C53A7B /* XCRemoteSwiftPackageReference "appmetrica-sdk-ios" */;
			productName = AppMetricaAdSupport;
		};
		4AB0E1D02E555C6A00C53A7B /* AppMetricaCore */ = {
			isa = XCSwiftPackageProductDependency;
			package = 4AB0E1CD2E555C6A00C53A7B /* XCRemoteSwiftPackageReference "appmetrica-sdk-ios" */;
			productName = AppMetricaCore;
		};
		4AB0E1D22E555C6A00C53A7B /* AppMetricaCrashes */ = {
			isa = XCSwiftPackageProductDependency;
			package = 4AB0E1CD2E555C6A00C53A7B /* XCRemoteSwiftPackageReference "appmetrica-sdk-ios" */;
			productName = AppMetricaCrashes;
		};
		4AB0E1D42E555C6A00C53A7B /* AppMetricaLibraryAdapter */ = {
			isa = XCSwiftPackageProductDependency;
			package = 4AB0E1CD2E555C6A00C53A7B /* XCRemoteSwiftPackageReference "appmetrica-sdk-ios" */;
			productName = AppMetricaLibraryAdapter;
		};
		4AB0E1D62E555C6A00C53A7B /* AppMetricaScreenshot */ = {
			isa = XCSwiftPackageProductDependency;
			package = 4AB0E1CD2E555C6A00C53A7B /* XCRemoteSwiftPackageReference "appmetrica-sdk-ios" */;
			productName = AppMetricaScreenshot;
		};
		4AC520542E5222E8002CB088 /* YandexMobileMetrica */ = {
			isa = XCSwiftPackageProductDependency;
			package = 4AC520532E5222E8002CB088 /* XCRemoteSwiftPackageReference "metrica-sdk-ios" */;
			productName = YandexMobileMetrica;
		};
		4AC520562E5222E8002CB088 /* YandexMobileMetricaCrashes */ = {
			isa = XCSwiftPackageProductDependency;
			package = 4AC520532E5222E8002CB088 /* XCRemoteSwiftPackageReference "metrica-sdk-ios" */;
			productName = YandexMobileMetricaCrashes;
		};
/* End XCSwiftPackageProductDependency section */

/* Begin XCVersionGroup section */
		4AE932342DB76DEC00D11E7F /* TrackerCoreData.xcdatamodeld */ = {
			isa = XCVersionGroup;
			children = (
				4AE932352DB76DEC00D11E7F /* TrackerCoreData.xcdatamodel */,
			);
			currentVersion = 4AE932352DB76DEC00D11E7F /* TrackerCoreData.xcdatamodel */;
			path = TrackerCoreData.xcdatamodeld;
			sourceTree = "<group>";
			versionGroupType = wrapper.xcdatamodel;
		};
/* End XCVersionGroup section */
	};
	rootObject = 4ADB4DC52D82231F00FB84C7 /* Project object */;
}
